
Microsoft Visual Studio Solution File, Format Version 12.00
# Visual Studio Version 17
VisualStudioVersion = 17.0.31612.314
MinimumVisualStudioVersion = 10.0.40219.1
Project("{FAE04EC0-301F-11D3-BF4B-00C04F79EFBC}") = "FlintSoft.BlazorControls", "src\FlintSoft.BlazorControls\FlintSoft.BlazorControls.csproj", "{7E5776A6-7F67-4869-8638-7A6F195F4D99}"
EndProject
Project("{9A19103F-16F7-4668-BE54-9A1E7A4F7556}") = "_build", "build\_build.csproj", "{53CE4F56-1BBB-4B70-BA95-BFE52B8CE134}"
EndProject
Global
	GlobalSection(SolutionConfigurationPlatforms) = preSolution
		Debug|Any CPU = Debug|Any CPU
		Release|Any CPU = Release|Any CPU
	EndGlobalSection
	GlobalSection(ProjectConfigurationPlatforms) = postSolution
		{53CE4F56-1BBB-4B70-BA95-BFE52B8CE134}.Debug|Any CPU.ActiveCfg = Debug|Any CPU
		{53CE4F56-1BBB-4B70-BA95-BFE52B8CE134}.Release|Any CPU.ActiveCfg = Release|Any CPU
		{7E5776A6-7F67-4869-8638-7A6F195F4D99}.Debug|Any CPU.ActiveCfg = Debug|Any CPU
		{7E5776A6-7F67-4869-8638-7A6F195F4D99}.Debug|Any CPU.Build.0 = Debug|Any CPU
		{7E5776A6-7F67-4869-8638-7A6F195F4D99}.Release|Any CPU.ActiveCfg = Release|Any CPU
		{7E5776A6-7F67-4869-8638-7A6F195F4D99}.Release|Any CPU.Build.0 = Release|Any CPU
	EndGlobalSection
	GlobalSection(SolutionProperties) = preSolution
		HideSolutionNode = FALSE
	EndGlobalSection
	GlobalSection(ExtensibilityGlobals) = postSolution
		SolutionGuid = {A6030F54-3C12-468D-8882-547FBB9CA881}
	EndGlobalSection
EndGlobal
